
Microsoft Visual Studio Solution File, Format Version 12.00
# Visual Studio Version 16
VisualStudioVersion = 16.0.29519.181
MinimumVisualStudioVersion = 10.0.40219.1
Project("{FAE04EC0-301F-11D3-BF4B-00C04F79EFBC}") = "WebApplication6", "WebApplication6.csproj", "{FF057809-7477-4A83-85A1-838856413EBE}"
EndProject
Global
	GlobalSection(SolutionConfigurationPlatforms) = preSolution
		Debug|Any CPU = Debug|Any CPU
		Release|Any CPU = Release|Any CPU
	EndGlobalSection
	GlobalSection(ProjectConfigurationPlatforms) = postSolution
		{FF057809-7477-4A83-85A1-838856413EBE}.Debug|Any CPU.ActiveCfg = Debug|Any CPU
		{FF057809-7477-4A83-85A1-838856413EBE}.Debug|Any CPU.Build.0 = Debug|Any CPU
		{FF057809-7477-4A83-85A1-838856413EBE}.Release|Any CPU.ActiveCfg = Release|Any CPU
		{FF057809-7477-4A83-85A1-838856413EBE}.Release|Any CPU.Build.0 = Release|Any CPU
	EndGlobalSection
	GlobalSection(SolutionProperties) = preSolution
		HideSolutionNode = FALSE
	EndGlobalSection
	GlobalSection(ExtensibilityGlobals) = postSolution
		SolutionGuid = {23BD755C-1CA5-4A25-B143-4541D50894A4}
	EndGlobalSection
EndGlobal
